
Microsoft Visual Studio Solution File, Format Version 12.00
# Visual Studio Version 16
VisualStudioVersion = 16.0.31424.327
MinimumVisualStudioVersion = 10.0.40219.1
Project("{888888A0-9F3D-457C-B088-3A5042F75D52}") = "EStilesPY5_8", "EStilesPY5_8.pyproj", "{9171F3E4-F390-4172-99FA-2B60E9AAB388}"
EndProject
Global
	GlobalSection(SolutionConfigurationPlatforms) = preSolution
		Debug|Any CPU = Debug|Any CPU
		Release|Any CPU = Release|Any CPU
	EndGlobalSection
	GlobalSection(ProjectConfigurationPlatforms) = postSolution
		{9171F3E4-F390-4172-99FA-2B60E9AAB388}.Debug|Any CPU.ActiveCfg = Debug|Any CPU
		{9171F3E4-F390-4172-99FA-2B60E9AAB388}.Release|Any CPU.ActiveCfg = Release|Any CPU
	EndGlobalSection
	GlobalSection(SolutionProperties) = preSolution
		HideSolutionNode = FALSE
	EndGlobalSection
	GlobalSection(ExtensibilityGlobals) = postSolution
		SolutionGuid = {50FED61C-9D40-4F48-85EF-89944EC13B83}
	EndGlobalSection
EndGlobal
